
Microsoft Visual Studio Solution File, Format Version 12.00
# Visual Studio 14
VisualStudioVersion = 14.0.25420.1
MinimumVisualStudioVersion = 10.0.40219.1
Project("{FAE04EC0-301F-11D3-BF4B-00C04F79EFBC}") = "Weather", "Weather\Weather.csproj", "{EEF300A5-D501-47EE-913F-A47EFCB60FFC}"
EndProject
Project("{FAE04EC0-301F-11D3-BF4B-00C04F79EFBC}") = "Weather.Tests", "Weather.Tests\Weather.Tests.csproj", "{62707B94-4D00-4C2C-BF23-D7E57CCB1DF7}"
EndProject
Global
	GlobalSection(SolutionConfigurationPlatforms) = preSolution
		Debug|Any CPU = Debug|Any CPU
		Release|Any CPU = Release|Any CPU
	EndGlobalSection
	GlobalSection(ProjectConfigurationPlatforms) = postSolution
		{EEF300A5-D501-47EE-913F-A47EFCB60FFC}.Debug|Any CPU.ActiveCfg = Debug|Any CPU
		{EEF300A5-D501-47EE-913F-A47EFCB60FFC}.Debug|Any CPU.Build.0 = Debug|Any CPU
		{EEF300A5-D501-47EE-913F-A47EFCB60FFC}.Release|Any CPU.ActiveCfg = Release|Any CPU
		{EEF300A5-D501-47EE-913F-A47EFCB60FFC}.Release|Any CPU.Build.0 = Release|Any CPU
		{62707B94-4D00-4C2C-BF23-D7E57CCB1DF7}.Debug|Any CPU.ActiveCfg = Debug|Any CPU
		{62707B94-4D00-4C2C-BF23-D7E57CCB1DF7}.Debug|Any CPU.Build.0 = Debug|Any CPU
		{62707B94-4D00-4C2C-BF23-D7E57CCB1DF7}.Release|Any CPU.ActiveCfg = Release|Any CPU
		{62707B94-4D00-4C2C-BF23-D7E57CCB1DF7}.Release|Any CPU.Build.0 = Release|Any CPU
	EndGlobalSection
	GlobalSection(SolutionProperties) = preSolution
		HideSolutionNode = FALSE
	EndGlobalSection
EndGlobal
